
Microsoft Visual Studio Solution File, Format Version 12.00
# Visual Studio Version 17
VisualStudioVersion = 17.6.33723.286
MinimumVisualStudioVersion = 10.0.40219.1
Project("{FAE04EC0-301F-11D3-BF4B-00C04F79EFBC}") = "CustomRPC", "CustomRPC\CustomRPC.csproj", "{0502A966-87C0-4A67-B063-79C491E930A3}"
EndProject
Global
	GlobalSection(SolutionConfigurationPlatforms) = preSolution
		Debug|Any CPU = Debug|Any CPU
		Release|Any CPU = Release|Any CPU
	EndGlobalSection
	GlobalSection(ProjectConfigurationPlatforms) = postSolution
		{0502A966-87C0-4A67-B063-79C491E930A3}.Debug|Any CPU.ActiveCfg = Debug|Any CPU
		{0502A966-87C0-4A67-B063-79C491E930A3}.Debug|Any CPU.Build.0 = Debug|Any CPU
		{0502A966-87C0-4A67-B063-79C491E930A3}.Release|Any CPU.ActiveCfg = Release|Any CPU
		{0502A966-87C0-4A67-B063-79C491E930A3}.Release|Any CPU.Build.0 = Release|Any CPU
	EndGlobalSection
	GlobalSection(SolutionProperties) = preSolution
		HideSolutionNode = FALSE
	EndGlobalSection
	GlobalSection(ExtensibilityGlobals) = postSolution
		SolutionGuid = {120FDCDD-A32A-44AC-B3C7-D13FDB909FF5}
	EndGlobalSection
EndGlobal
